
Microsoft Visual Studio Solution File, Format Version 12.00
# Visual Studio Version 17
VisualStudioVersion = 17.0.31611.283
MinimumVisualStudioVersion = 10.0.40219.1
Project("{9A19103F-16F7-4668-BE54-9A1E7A4F7556}") = "ProcurementHub", "ProcurementHub\ProcurementHub.csproj", "{2C8CAD58-30A7-4D11-BCA8-2992FC623676}"
EndProject
Project("{FAE04EC0-301F-11D3-BF4B-00C04F79EFBC}") = "Domain", "Domain\Domain.csproj", "{1C1F3B86-A0DE-4A46-BC31-8A1A26E716A2}"
EndProject
Global
	GlobalSection(SolutionConfigurationPlatforms) = preSolution
		Debug|Any CPU = Debug|Any CPU
		Release|Any CPU = Release|Any CPU
	EndGlobalSection
	GlobalSection(ProjectConfigurationPlatforms) = postSolution
		{2C8CAD58-30A7-4D11-BCA8-2992FC623676}.Debug|Any CPU.ActiveCfg = Debug|Any CPU
		{2C8CAD58-30A7-4D11-BCA8-2992FC623676}.Debug|Any CPU.Build.0 = Debug|Any CPU
		{2C8CAD58-30A7-4D11-BCA8-2992FC623676}.Debug|Any CPU.Deploy.0 = Debug|Any CPU
		{2C8CAD58-30A7-4D11-BCA8-2992FC623676}.Release|Any CPU.ActiveCfg = Release|Any CPU
		{2C8CAD58-30A7-4D11-BCA8-2992FC623676}.Release|Any CPU.Build.0 = Release|Any CPU
		{2C8CAD58-30A7-4D11-BCA8-2992FC623676}.Release|Any CPU.Deploy.0 = Release|Any CPU
		{1C1F3B86-A0DE-4A46-BC31-8A1A26E716A2}.Debug|Any CPU.ActiveCfg = Debug|Any CPU
		{1C1F3B86-A0DE-4A46-BC31-8A1A26E716A2}.Debug|Any CPU.Build.0 = Debug|Any CPU
		{1C1F3B86-A0DE-4A46-BC31-8A1A26E716A2}.Release|Any CPU.ActiveCfg = Release|Any CPU
		{1C1F3B86-A0DE-4A46-BC31-8A1A26E716A2}.Release|Any CPU.Build.0 = Release|Any CPU
	EndGlobalSection
	GlobalSection(SolutionProperties) = preSolution
		HideSolutionNode = FALSE
	EndGlobalSection
	GlobalSection(ExtensibilityGlobals) = postSolution
		SolutionGuid = {61F7FB11-1E47-470C-91E2-47F8143E1572}
	EndGlobalSection
EndGlobal
